// !$*UTF8*$!
{
	archiveVersion = 1;
	classes = {
	};
	objectVersion = 77;
	objects = {

/* Begin PBXBuildFile section */
		647377CA2E99BE9600F03862 /* c2edae79-6ee5-4754-9639-45e692e3692d.jpg in Resources */ = {isa = PBXBuildFile; fileRef = 647377BB2E99BE9600F03862 /* c2edae79-6ee5-4754-9639-45e692e3692d.jpg */; };
		647377CB2E99BE9600F03862 /* IMG_4814.jpg in Resources */ = {isa = PBXBuildFile; fileRef = 647377C82E99BE9600F03862 /* IMG_4814.jpg */; };
		647377CC2E99BE9600F03862 /* 9df949ad-69c6-482c-a62e-51e36eaf3bcf (1).jpg in Resources */ = {isa = PBXBuildFile; fileRef = 647377BA2E99BE9600F03862 /* 9df949ad-69c6-482c-a62e-51e36eaf3bcf (1).jpg */; };
		647377CD2E99BE9600F03862 /* IMG_4789.jpg in Resources */ = {isa = PBXBuildFile; fileRef = 647377BF2E99BE9600F03862 /* IMG_4789.jpg */; };
		647377CE2E99BE9600F03862 /* IMG_4793.jpg in Resources */ = {isa = PBXBuildFile; fileRef = 647377C42E99BE9600F03862 /* IMG_4793.jpg */; };
		647377CF2E99BE9600F03862 /* IMG_4804 (1).jpg in Resources */ = {isa = PBXBuildFile; fileRef = 647377C62E99BE9600F03862 /* IMG_4804 (1).jpg */; };
		647377D02E99BE9600F03862 /* 7ba4f69b-9b82-473d-9ce0-eac6a3a1f6de (1).jpg in Resources */ = {isa = PBXBuildFile; fileRef = 647377B82E99BE9600F03862 /* 7ba4f69b-9b82-473d-9ce0-eac6a3a1f6de (1).jpg */; };
		647377D12E99BE9600F03862 /* IMG_4788.jpg in Resources */ = {isa = PBXBuildFile; fileRef = 647377BE2E99BE9600F03862 /* IMG_4788.jpg */; };
		647377D22E99BE9600F03862 /* IMG_4790 (1).jpg in Resources */ = {isa = PBXBuildFile; fileRef = 647377C12E99BE9600F03862 /* IMG_4790 (1).jpg */; };
		647377D32E99BE9600F03862 /* e4ecb8bf-5e55-4de3-8a1e-8314c852db6c (1).jpg in Resources */ = {isa = PBXBuildFile; fileRef = 647377BD2E99BE9600F03862 /* e4ecb8bf-5e55-4de3-8a1e-8314c852db6c (1).jpg */; };
		647377D42E99BE9600F03862 /* 9df949ad-69c6-482c-a62e-51e36eaf3bcf.jpg in Resources */ = {isa = PBXBuildFile; fileRef = 647377B92E99BE9600F03862 /* 9df949ad-69c6-482c-a62e-51e36eaf3bcf.jpg */; };
		647377D52E99BE9600F03862 /* IMG_4813.jpg in Resources */ = {isa = PBXBuildFile; fileRef = 647377C72E99BE9600F03862 /* IMG_4813.jpg */; };
		647377D62E99BE9600F03862 /* 7ba4f69b-9b82-473d-9ce0-eac6a3a1f6de.jpg in Resources */ = {isa = PBXBuildFile; fileRef = 647377B72E99BE9600F03862 /* 7ba4f69b-9b82-473d-9ce0-eac6a3a1f6de.jpg */; };
		647377D72E99BE9600F03862 /* IMG_4792.jpg in Resources */ = {isa = PBXBuildFile; fileRef = 647377C32E99BE9600F03862 /* IMG_4792.jpg */; };
		647377D82E99BE9600F03862 /* IMG_4791.jpg in Resources */ = {isa = PBXBuildFile; fileRef = 647377C22E99BE9600F03862 /* IMG_4791.jpg */; };
		647377D92E99BE9600F03862 /* IMG_4790.jpg in Resources */ = {isa = PBXBuildFile; fileRef = 647377C02E99BE9600F03862 /* IMG_4790.jpg */; };
		647377DA2E99BE9600F03862 /* e4ecb8bf-5e55-4de3-8a1e-8314c852db6c.jpg in Resources */ = {isa = PBXBuildFile; fileRef = 647377BC2E99BE9600F03862 /* e4ecb8bf-5e55-4de3-8a1e-8314c852db6c.jpg */; };
		647377DB2E99BE9600F03862 /* IMG_4804.jpg in Resources */ = {isa = PBXBuildFile; fileRef = 647377C52E99BE9600F03862 /* IMG_4804.jpg */; };
		647377DD2E99D68200F03862 /* 7ba4f69b-9b82-473d-9ce0-eac6a3a1f6de.jpg in Resources */ = {isa = PBXBuildFile; fileRef = 647377DC2E99D68200F03862 /* 7ba4f69b-9b82-473d-9ce0-eac6a3a1f6de.jpg */; };
/* End PBXBuildFile section */

/* Begin PBXContainerItemProxy section */
		647376FD2E988F0F00F03862 /* PBXContainerItemProxy */ = {
			isa = PBXContainerItemProxy;
			containerPortal = 647376DE2E988F0D00F03862 /* Project object */;
			proxyType = 1;
			remoteGlobalIDString = 647376E52E988F0D00F03862;
			remoteInfo = HappyDays;
		};
		647377072E988F0F00F03862 /* PBXContainerItemProxy */ = {
			isa = PBXContainerItemProxy;
			containerPortal = 647376DE2E988F0D00F03862 /* Project object */;
			proxyType = 1;
			remoteGlobalIDString = 647376E52E988F0D00F03862;
			remoteInfo = HappyDays;
		};
/* End PBXContainerItemProxy section */

/* Begin PBXFileReference section */
		647376E62E988F0D00F03862 /* HappyDays.app */ = {isa = PBXFileReference; explicitFileType = wrapper.application; includeInIndex = 0; path = HappyDays.app; sourceTree = BUILT_PRODUCTS_DIR; };
		647376FC2E988F0F00F03862 /* HappyDaysTests.xctest */ = {isa = PBXFileReference; explicitFileType = wrapper.cfbundle; includeInIndex = 0; path = HappyDaysTests.xctest; sourceTree = BUILT_PRODUCTS_DIR; };
		647377062E988F0F00F03862 /* HappyDaysUITests.xctest */ = {isa = PBXFileReference; explicitFileType = wrapper.cfbundle; includeInIndex = 0; path = HappyDaysUITests.xctest; sourceTree = BUILT_PRODUCTS_DIR; };
		647377B72E99BE9600F03862 /* 7ba4f69b-9b82-473d-9ce0-eac6a3a1f6de.jpg */ = {isa = PBXFileReference; lastKnownFileType = image.jpeg; path = "7ba4f69b-9b82-473d-9ce0-eac6a3a1f6de.jpg"; sourceTree = "<group>"; };
		647377B82E99BE9600F03862 /* 7ba4f69b-9b82-473d-9ce0-eac6a3a1f6de (1).jpg */ = {isa = PBXFileReference; lastKnownFileType = image.jpeg; path = "7ba4f69b-9b82-473d-9ce0-eac6a3a1f6de (1).jpg"; sourceTree = "<group>"; };
		647377B92E99BE9600F03862 /* 9df949ad-69c6-482c-a62e-51e36eaf3bcf.jpg */ = {isa = PBXFileReference; lastKnownFileType = image.jpeg; path = "9df949ad-69c6-482c-a62e-51e36eaf3bcf.jpg"; sourceTree = "<group>"; };
		647377BA2E99BE9600F03862 /* 9df949ad-69c6-482c-a62e-51e36eaf3bcf (1).jpg */ = {isa = PBXFileReference; lastKnownFileType = image.jpeg; path = "9df949ad-69c6-482c-a62e-51e36eaf3bcf (1).jpg"; sourceTree = "<group>"; };
		647377BB2E99BE9600F03862 /* c2edae79-6ee5-4754-9639-45e692e3692d.jpg */ = {isa = PBXFileReference; lastKnownFileType = image.jpeg; path = "c2edae79-6ee5-4754-9639-45e692e3692d.jpg"; sourceTree = "<group>"; };
		647377BC2E99BE9600F03862 /* e4ecb8bf-5e55-4de3-8a1e-8314c852db6c.jpg */ = {isa = PBXFileReference; lastKnownFileType = image.jpeg; path = "e4ecb8bf-5e55-4de3-8a1e-8314c852db6c.jpg"; sourceTree = "<group>"; };
		647377BD2E99BE9600F03862 /* e4ecb8bf-5e55-4de3-8a1e-8314c852db6c (1).jpg */ = {isa = PBXFileReference; lastKnownFileType = image.jpeg; path = "e4ecb8bf-5e55-4de3-8a1e-8314c852db6c (1).jpg"; sourceTree = "<group>"; };
		647377BE2E99BE9600F03862 /* IMG_4788.jpg */ = {isa = PBXFileReference; lastKnownFileType = image.jpeg; path = IMG_4788.jpg; sourceTree = "<group>"; };
		647377BF2E99BE9600F03862 /* IMG_4789.jpg */ = {isa = PBXFileReference; lastKnownFileType = image.jpeg; path = IMG_4789.jpg; sourceTree = "<group>"; };
		647377C02E99BE9600F03862 /* IMG_4790.jpg */ = {isa = PBXFileReference; lastKnownFileType = image.jpeg; path = IMG_4790.jpg; sourceTree = "<group>"; };
		647377C12E99BE9600F03862 /* IMG_4790 (1).jpg */ = {isa = PBXFileReference; lastKnownFileType = image.jpeg; path = "IMG_4790 (1).jpg"; sourceTree = "<group>"; };
		647377C22E99BE9600F03862 /* IMG_4791.jpg */ = {isa = PBXFileReference; lastKnownFileType = image.jpeg; path = IMG_4791.jpg; sourceTree = "<group>"; };
		647377C32E99BE9600F03862 /* IMG_4792.jpg */ = {isa = PBXFileReference; lastKnownFileType = image.jpeg; path = IMG_4792.jpg; sourceTree = "<group>"; };
		647377C42E99BE9600F03862 /* IMG_4793.jpg */ = {isa = PBXFileReference; lastKnownFileType = image.jpeg; path = IMG_4793.jpg; sourceTree = "<group>"; };
		647377C52E99BE9600F03862 /* IMG_4804.jpg */ = {isa = PBXFileReference; lastKnownFileType = image.jpeg; path = IMG_4804.jpg; sourceTree = "<group>"; };
		647377C62E99BE9600F03862 /* IMG_4804 (1).jpg */ = {isa = PBXFileReference; lastKnownFileType = image.jpeg; path = "IMG_4804 (1).jpg"; sourceTree = "<group>"; };
		647377C72E99BE9600F03862 /* IMG_4813.jpg */ = {isa = PBXFileReference; lastKnownFileType = image.jpeg; path = IMG_4813.jpg; sourceTree = "<group>"; };
		647377C82E99BE9600F03862 /* IMG_4814.jpg */ = {isa = PBXFileReference; lastKnownFileType = image.jpeg; path = IMG_4814.jpg; sourceTree = "<group>"; };
		647377DC2E99D68200F03862 /* 7ba4f69b-9b82-473d-9ce0-eac6a3a1f6de.jpg */ = {isa = PBXFileReference; lastKnownFileType = image.jpeg; path = "7ba4f69b-9b82-473d-9ce0-eac6a3a1f6de.jpg"; sourceTree = "<group>"; };
/* End PBXFileReference section */

/* Begin PBXFileSystemSynchronizedBuildFileExceptionSet section */
		6473770E2E988F0F00F03862 /* Exceptions for "HappyDays" folder in "HappyDays" target */ = {
			isa = PBXFileSystemSynchronizedBuildFileExceptionSet;
			membershipExceptions = (
				Info.plist,
			);
			target = 647376E52E988F0D00F03862 /* HappyDays */;
		};
/* End PBXFileSystemSynchronizedBuildFileExceptionSet section */

/* Begin PBXFileSystemSynchronizedRootGroup section */
		647376E82E988F0D00F03862 /* HappyDays */ = {
			isa = PBXFileSystemSynchronizedRootGroup;
			exceptions = (
				6473770E2E988F0F00F03862 /* Exceptions for "HappyDays" folder in "HappyDays" target */,
			);
			path = HappyDays;
			sourceTree = "<group>";
		};
		647376FF2E988F0F00F03862 /* HappyDaysTests */ = {
			isa = PBXFileSystemSynchronizedRootGroup;
			path = HappyDaysTests;
			sourceTree = "<group>";
		};
		647377092E988F0F00F03862 /* HappyDaysUITests */ = {
			isa = PBXFileSystemSynchronizedRootGroup;
			path = HappyDaysUITests;
			sourceTree = "<group>";
		};
/* End PBXFileSystemSynchronizedRootGroup section */

/* Begin PBXFrameworksBuildPhase section */
		647376E32E988F0D00F03862 /* Frameworks */ = {
			isa = PBXFrameworksBuildPhase;
			buildActionMask = 2147483647;
			files = (
			);
			runOnlyForDeploymentPostprocessing = 0;
		};
		647376F92E988F0F00F03862 /* Frameworks */ = {
			isa = PBXFrameworksBuildPhase;
			buildActionMask = 2147483647;
			files = (
			);
			runOnlyForDeploymentPostprocessing = 0;
		};
		647377032E988F0F00F03862 /* Frameworks */ = {
			isa = PBXFrameworksBuildPhase;
			buildActionMask = 2147483647;
			files = (
			);
			runOnlyForDeploymentPostprocessing = 0;
		};
/* End PBXFrameworksBuildPhase section */

/* Begin PBXGroup section */
		647376DD2E988F0D00F03862 = {
			isa = PBXGroup;
			children = (
				647376E82E988F0D00F03862 /* HappyDays */,
				647376FF2E988F0F00F03862 /* HappyDaysTests */,
				647377092E988F0F00F03862 /* HappyDaysUITests */,
				647376E72E988F0D00F03862 /* Products */,
				647377C92E99BE9600F03862 /* images */,
			);
			sourceTree = "<group>";
		};
		647376E72E988F0D00F03862 /* Products */ = {
			isa = PBXGroup;
			children = (
				647376E62E988F0D00F03862 /* HappyDays.app */,
				647376FC2E988F0F00F03862 /* HappyDaysTests.xctest */,
				647377062E988F0F00F03862 /* HappyDaysUITests.xctest */,
			);
			name = Products;
			sourceTree = "<group>";
		};
		647377C92E99BE9600F03862 /* images */ = {
			isa = PBXGroup;
			children = (
				647377DC2E99D68200F03862 /* 7ba4f69b-9b82-473d-9ce0-eac6a3a1f6de.jpg */,
				647377B72E99BE9600F03862 /* 7ba4f69b-9b82-473d-9ce0-eac6a3a1f6de.jpg */,
				647377B82E99BE9600F03862 /* 7ba4f69b-9b82-473d-9ce0-eac6a3a1f6de (1).jpg */,
				647377B92E99BE9600F03862 /* 9df949ad-69c6-482c-a62e-51e36eaf3bcf.jpg */,
				647377BA2E99BE9600F03862 /* 9df949ad-69c6-482c-a62e-51e36eaf3bcf (1).jpg */,
				647377BB2E99BE9600F03862 /* c2edae79-6ee5-4754-9639-45e692e3692d.jpg */,
				647377BC2E99BE9600F03862 /* e4ecb8bf-5e55-4de3-8a1e-8314c852db6c.jpg */,
				647377BD2E99BE9600F03862 /* e4ecb8bf-5e55-4de3-8a1e-8314c852db6c (1).jpg */,
				647377BE2E99BE9600F03862 /* IMG_4788.jpg */,
				647377BF2E99BE9600F03862 /* IMG_4789.jpg */,
				647377C02E99BE9600F03862 /* IMG_4790.jpg */,
				647377C12E99BE9600F03862 /* IMG_4790 (1).jpg */,
				647377C22E99BE9600F03862 /* IMG_4791.jpg */,
				647377C32E99BE9600F03862 /* IMG_4792.jpg */,
				647377C42E99BE9600F03862 /* IMG_4793.jpg */,
				647377C52E99BE9600F03862 /* IMG_4804.jpg */,
				647377C62E99BE9600F03862 /* IMG_4804 (1).jpg */,
				647377C72E99BE9600F03862 /* IMG_4813.jpg */,
				647377C82E99BE9600F03862 /* IMG_4814.jpg */,
			);
			path = images;
			sourceTree = "<group>";
		};
/* End PBXGroup section */

/* Begin PBXNativeTarget section */
		647376E52E988F0D00F03862 /* HappyDays */ = {
			isa = PBXNativeTarget;
			buildConfigurationList = 6473770F2E988F0F00F03862 /* Build configuration list for PBXNativeTarget "HappyDays" */;
			buildPhases = (
				647376E22E988F0D00F03862 /* Sources */,
				647376E32E988F0D00F03862 /* Frameworks */,
				647376E42E988F0D00F03862 /* Resources */,
			);
			buildRules = (
			);
			dependencies = (
			);
			fileSystemSynchronizedGroups = (
				647376E82E988F0D00F03862 /* HappyDays */,
			);
			name = HappyDays;
			packageProductDependencies = (
			);
			productName = HappyDays;
			productReference = 647376E62E988F0D00F03862 /* HappyDays.app */;
			productType = "com.apple.product-type.application";
		};
		647376FB2E988F0F00F03862 /* HappyDaysTests */ = {
			isa = PBXNativeTarget;
			buildConfigurationList = 647377142E988F0F00F03862 /* Build configuration list for PBXNativeTarget "HappyDaysTests" */;
			buildPhases = (
				647376F82E988F0F00F03862 /* Sources */,
				647376F92E988F0F00F03862 /* Frameworks */,
				647376FA2E988F0F00F03862 /* Resources */,
			);
			buildRules = (
			);
			dependencies = (
				647376FE2E988F0F00F03862 /* PBXTargetDependency */,
			);
			fileSystemSynchronizedGroups = (
				647376FF2E988F0F00F03862 /* HappyDaysTests */,
			);
			name = HappyDaysTests;
			packageProductDependencies = (
			);
			productName = HappyDaysTests;
			productReference = 647376FC2E988F0F00F03862 /* HappyDaysTests.xctest */;
			productType = "com.apple.product-type.bundle.unit-test";
		};
		647377052E988F0F00F03862 /* HappyDaysUITests */ = {
			isa = PBXNativeTarget;
			buildConfigurationList = 647377172E988F0F00F03862 /* Build configuration list for PBXNativeTarget "HappyDaysUITests" */;
			buildPhases = (
				647377022E988F0F00F03862 /* Sources */,
				647377032E988F0F00F03862 /* Frameworks */,
				647377042E988F0F00F03862 /* Resources */,
			);
			buildRules = (
			);
			dependencies = (
				647377082E988F0F00F03862 /* PBXTargetDependency */,
			);
			fileSystemSynchronizedGroups = (
				647377092E988F0F00F03862 /* HappyDaysUITests */,
			);
			name = HappyDaysUITests;
			packageProductDependencies = (
			);
			productName = HappyDaysUITests;
			productReference = 647377062E988F0F00F03862 /* HappyDaysUITests.xctest */;
			productType = "com.apple.product-type.bundle.ui-testing";
		};
/* End PBXNativeTarget section */

/* Begin PBXProject section */
		647376DE2E988F0D00F03862 /* Project object */ = {
			isa = PBXProject;
			attributes = {
				BuildIndependentTargetsInParallel = 1;
				LastSwiftUpdateCheck = 1640;
				LastUpgradeCheck = 1640;
				TargetAttributes = {
					647376E52E988F0D00F03862 = {
						CreatedOnToolsVersion = 16.4;
					};
					647376FB2E988F0F00F03862 = {
						CreatedOnToolsVersion = 16.4;
						TestTargetID = 647376E52E988F0D00F03862;
					};
					647377052E988F0F00F03862 = {
						CreatedOnToolsVersion = 16.4;
						TestTargetID = 647376E52E988F0D00F03862;
					};
				};
			};
			buildConfigurationList = 647376E12E988F0D00F03862 /* Build configuration list for PBXProject "HappyDays" */;
			developmentRegion = en;
			hasScannedForEncodings = 0;
			knownRegions = (
				en,
				Base,
			);
			mainGroup = 647376DD2E988F0D00F03862;
			minimizedProjectReferenceProxies = 1;
			preferredProjectObjectVersion = 77;
			productRefGroup = 647376E72E988F0D00F03862 /* Products */;
			projectDirPath = "";
			projectRoot = "";
			targets = (
				647376E52E988F0D00F03862 /* HappyDays */,
				647376FB2E988F0F00F03862 /* HappyDaysTests */,
				647377052E988F0F00F03862 /* HappyDaysUITests */,
			);
		};
/* End PBXProject section */

/* Begin PBXResourcesBuildPhase section */
		647376E42E988F0D00F03862 /* Resources */ = {
			isa = PBXResourcesBuildPhase;
			buildActionMask = 2147483647;
			files = (
				647377CA2E99BE9600F03862 /* c2edae79-6ee5-4754-9639-45e692e3692d.jpg in Resources */,
				647377CB2E99BE9600F03862 /* IMG_4814.jpg in Resources */,
				647377CC2E99BE9600F03862 /* 9df949ad-69c6-482c-a62e-51e36eaf3bcf (1).jpg in Resources */,
				647377CD2E99BE9600F03862 /* IMG_4789.jpg in Resources */,
				647377CE2E99BE9600F03862 /* IMG_4793.jpg in Resources */,
				647377CF2E99BE9600F03862 /* IMG_4804 (1).jpg in Resources */,
				647377D02E99BE9600F03862 /* 7ba4f69b-9b82-473d-9ce0-eac6a3a1f6de (1).jpg in Resources */,
				647377D12E99BE9600F03862 /* IMG_4788.jpg in Resources */,
				647377DD2E99D68200F03862 /* 7ba4f69b-9b82-473d-9ce0-eac6a3a1f6de.jpg in Resources */,
				647377D22E99BE9600F03862 /* IMG_4790 (1).jpg in Resources */,
				647377D32E99BE9600F03862 /* e4ecb8bf-5e55-4de3-8a1e-8314c852db6c (1).jpg in Resources */,
				647377D42E99BE9600F03862 /* 9df949ad-69c6-482c-a62e-51e36eaf3bcf.jpg in Resources */,
				647377D52E99BE9600F03862 /* IMG_4813.jpg in Resources */,
				647377D62E99BE9600F03862 /* 7ba4f69b-9b82-473d-9ce0-eac6a3a1f6de.jpg in Resources */,
				647377D72E99BE9600F03862 /* IMG_4792.jpg in Resources */,
				647377D82E99BE9600F03862 /* IMG_4791.jpg in Resources */,
				647377D92E99BE9600F03862 /* IMG_4790.jpg in Resources */,
				647377DA2E99BE9600F03862 /* e4ecb8bf-5e55-4de3-8a1e-8314c852db6c.jpg in Resources */,
				647377DB2E99BE9600F03862 /* IMG_4804.jpg in Resources */,
			);
			runOnlyForDeploymentPostprocessing = 0;
		};
		647376FA2E988F0F00F03862 /* Resources */ = {
			isa = PBXResourcesBuildPhase;
			buildActionMask = 2147483647;
			files = (
			);
			runOnlyForDeploymentPostprocessing = 0;
		};
		647377042E988F0F00F03862 /* Resources */ = {
			isa = PBXResourcesBuildPhase;
			buildActionMask = 2147483647;
			files = (
			);
			runOnlyForDeploymentPostprocessing = 0;
		};
/* End PBXResourcesBuildPhase section */

/* Begin PBXSourcesBuildPhase section */
		647376E22E988F0D00F03862 /* Sources */ = {
			isa = PBXSourcesBuildPhase;
			buildActionMask = 2147483647;
			files = (
			);
			runOnlyForDeploymentPostprocessing = 0;
		};
		647376F82E988F0F00F03862 /* Sources */ = {
			isa = PBXSourcesBuildPhase;
			buildActionMask = 2147483647;
			files = (
			);
			runOnlyForDeploymentPostprocessing = 0;
		};
		647377022E988F0F00F03862 /* Sources */ = {
			isa = PBXSourcesBuildPhase;
			buildActionMask = 2147483647;
			files = (
			);
			runOnlyForDeploymentPostprocessing = 0;
		};
/* End PBXSourcesBuildPhase section */

/* Begin PBXTargetDependency section */
		647376FE2E988F0F00F03862 /* PBXTargetDependency */ = {
			isa = PBXTargetDependency;
			target = 647376E52E988F0D00F03862 /* HappyDays */;
			targetProxy = 647376FD2E988F0F00F03862 /* PBXContainerItemProxy */;
		};
		647377082E988F0F00F03862 /* PBXTargetDependency */ = {
			isa = PBXTargetDependency;
			target = 647376E52E988F0D00F03862 /* HappyDays */;
			targetProxy = 647377072E988F0F00F03862 /* PBXContainerItemProxy */;
		};
/* End PBXTargetDependency section */

/* Begin XCBuildConfiguration section */
		647377102E988F0F00F03862 /* Debug */ = {
			isa = XCBuildConfiguration;
			buildSettings = {
				ASSETCATALOG_COMPILER_APPICON_NAME = AppIcon;
				ASSETCATALOG_COMPILER_GLOBAL_ACCENT_COLOR_NAME = AccentColor;
				CODE_SIGN_STYLE = Automatic;
				CURRENT_PROJECT_VERSION = 1;
				DEVELOPMENT_TEAM = J8LLL2CA6T;
				GENERATE_INFOPLIST_FILE = YES;
				INFOPLIST_FILE = HappyDays/Info.plist;
				INFOPLIST_KEY_UIApplicationSupportsIndirectInputEvents = YES;
				INFOPLIST_KEY_UILaunchStoryboardName = LaunchScreen;
				INFOPLIST_KEY_UIMainStoryboardFile = Main;
				INFOPLIST_KEY_UISupportedInterfaceOrientations_iPad = "UIInterfaceOrientationPortrait UIInterfaceOrientationPortraitUpsideDown UIInterfaceOrientationLandscapeLeft UIInterfaceOrientationLandscapeRight";
				INFOPLIST_KEY_UISupportedInterfaceOrientations_iPhone = "UIInterfaceOrientationPortrait UIInterfaceOrientationLandscapeLeft UIInterfaceOrientationLandscapeRight";
				LD_RUNPATH_SEARCH_PATHS = (
					"$(inherited)",
					"@executable_path/Frameworks",
				);
				MARKETING_VERSION = 1.0;
				PRODUCT_BUNDLE_IDENTIFIER = "Susmita-De.HappyDays";
				PRODUCT_NAME = "$(TARGET_NAME)";
				SWIFT_EMIT_LOC_STRINGS = YES;
				SWIFT_VERSION = 5.0;
				TARGETED_DEVICE_FAMILY = "1,2";
			};
			name = Debug;
		};
		647377112E988F0F00F03862 /* Release */ = {
			isa = XCBuildConfiguration;
			buildSettings = {
				ASSETCATALOG_COMPILER_APPICON_NAME = AppIcon;
				ASSETCATALOG_COMPILER_GLOBAL_ACCENT_COLOR_NAME = AccentColor;
				CODE_SIGN_STYLE = Automatic;
				CURRENT_PROJECT_VERSION = 1;
				DEVELOPMENT_TEAM = J8LLL2CA6T;
				GENERATE_INFOPLIST_FILE = YES;
				INFOPLIST_FILE = HappyDays/Info.plist;
				INFOPLIST_KEY_UIApplicationSupportsIndirectInputEvents = YES;
				INFOPLIST_KEY_UILaunchStoryboardName = LaunchScreen;
				INFOPLIST_KEY_UIMainStoryboardFile = Main;
				INFOPLIST_KEY_UISupportedInterfaceOrientations_iPad = "UIInterfaceOrientationPortrait UIInterfaceOrientationPortraitUpsideDown UIInterfaceOrientationLandscapeLeft UIInterfaceOrientationLandscapeRight";
				INFOPLIST_KEY_UISupportedInterfaceOrientations_iPhone = "UIInterfaceOrientationPortrait UIInterfaceOrientationLandscapeLeft UIInterfaceOrientationLandscapeRight";
				LD_RUNPATH_SEARCH_PATHS = (
					"$(inherited)",
					"@executable_path/Frameworks",
				);
				MARKETING_VERSION = 1.0;
				PRODUCT_BUNDLE_IDENTIFIER = "Susmita-De.HappyDays";
				PRODUCT_NAME = "$(TARGET_NAME)";
				SWIFT_EMIT_LOC_STRINGS = YES;
				SWIFT_VERSION = 5.0;
				TARGETED_DEVICE_FAMILY = "1,2";
			};
			name = Release;
		};
		647377122E988F0F00F03862 /* Debug */ = {
			isa = XCBuildConfiguration;
			buildSettings = {
				ALWAYS_SEARCH_USER_PATHS = NO;
				ASSETCATALOG_COMPILER_GENERATE_SWIFT_ASSET_SYMBOL_EXTENSIONS = YES;
				CLANG_ANALYZER_NONNULL = YES;
				CLANG_ANALYZER_NUMBER_OBJECT_CONVERSION = YES_AGGRESSIVE;
				CLANG_CXX_LANGUAGE_STANDARD = "gnu++20";
				CLANG_ENABLE_MODULES = YES;
				CLANG_ENABLE_OBJC_ARC = YES;
				CLANG_ENABLE_OBJC_WEAK = YES;
				CLANG_WARN_BLOCK_CAPTURE_AUTORELEASING = YES;
				CLANG_WARN_BOOL_CONVERSION = YES;
				CLANG_WARN_COMMA = YES;
				CLANG_WARN_CONSTANT_CONVERSION = YES;
				CLANG_WARN_DEPRECATED_OBJC_IMPLEMENTATIONS = YES;
				CLANG_WARN_DIRECT_OBJC_ISA_USAGE = YES_ERROR;
				CLANG_WARN_DOCUMENTATION_COMMENTS = YES;
				CLANG_WARN_EMPTY_BODY = YES;
				CLANG_WARN_ENUM_CONVERSION = YES;
				CLANG_WARN_INFINITE_RECURSION = YES;
				CLANG_WARN_INT_CONVERSION = YES;
				CLANG_WARN_NON_LITERAL_NULL_CONVERSION = YES;
				CLANG_WARN_OBJC_IMPLICIT_RETAIN_SELF = YES;
				CLANG_WARN_OBJC_LITERAL_CONVERSION = YES;
				CLANG_WARN_OBJC_ROOT_CLASS = YES_ERROR;
				CLANG_WARN_QUOTED_INCLUDE_IN_FRAMEWORK_HEADER = YES;
				CLANG_WARN_RANGE_LOOP_ANALYSIS = YES;
				CLANG_WARN_STRICT_PROTOTYPES = YES;
				CLANG_WARN_SUSPICIOUS_MOVE = YES;
				CLANG_WARN_UNGUARDED_AVAILABILITY = YES_AGGRESSIVE;
				CLANG_WARN_UNREACHABLE_CODE = YES;
				CLANG_WARN__DUPLICATE_METHOD_MATCH = YES;
				COPY_PHASE_STRIP = NO;
				DEBUG_INFORMATION_FORMAT = dwarf;
				DEVELOPMENT_TEAM = J8LLL2CA6T;
				ENABLE_STRICT_OBJC_MSGSEND = YES;
				ENABLE_TESTABILITY = YES;
				ENABLE_USER_SCRIPT_SANDBOXING = YES;
				GCC_C_LANGUAGE_STANDARD = gnu17;
				GCC_DYNAMIC_NO_PIC = NO;
				GCC_NO_COMMON_BLOCKS = YES;
				GCC_OPTIMIZATION_LEVEL = 0;
				GCC_PREPROCESSOR_DEFINITIONS = (
					"DEBUG=1",
					"$(inherited)",
				);
				GCC_WARN_64_TO_32_BIT_CONVERSION = YES;
				GCC_WARN_ABOUT_RETURN_TYPE = YES_ERROR;
				GCC_WARN_UNDECLARED_SELECTOR = YES;
				GCC_WARN_UNINITIALIZED_AUTOS = YES_AGGRESSIVE;
				GCC_WARN_UNUSED_FUNCTION = YES;
				GCC_WARN_UNUSED_VARIABLE = YES;
				IPHONEOS_DEPLOYMENT_TARGET = 18.5;
				LOCALIZATION_PREFERS_STRING_CATALOGS = YES;
				MTL_ENABLE_DEBUG_INFO = INCLUDE_SOURCE;
				MTL_FAST_MATH = YES;
				ONLY_ACTIVE_ARCH = YES;
				SDKROOT = iphoneos;
				SWIFT_ACTIVE_COMPILATION_CONDITIONS = "DEBUG $(inherited)";
				SWIFT_OPTIMIZATION_LEVEL = "-Onone";
			};
			name = Debug;
		};
		647377132E988F0F00F03862 /* Release */ = {
			isa = XCBuildConfiguration;
			buildSettings = {
				ALWAYS_SEARCH_USER_PATHS = NO;
				ASSETCATALOG_COMPILER_GENERATE_SWIFT_ASSET_SYMBOL_EXTENSIONS = YES;
				CLANG_ANALYZER_NONNULL = YES;
				CLANG_ANALYZER_NUMBER_OBJECT_CONVERSION = YES_AGGRESSIVE;
				CLANG_CXX_LANGUAGE_STANDARD = "gnu++20";
				CLANG_ENABLE_MODULES = YES;
				CLANG_ENABLE_OBJC_ARC = YES;
				CLANG_ENABLE_OBJC_WEAK = YES;
				CLANG_WARN_BLOCK_CAPTURE_AUTORELEASING = YES;
				CLANG_WARN_BOOL_CONVERSION = YES;
				CLANG_WARN_COMMA = YES;
				CLANG_WARN_CONSTANT_CONVERSION = YES;
				CLANG_WARN_DEPRECATED_OBJC_IMPLEMENTATIONS = YES;
				CLANG_WARN_DIRECT_OBJC_ISA_USAGE = YES_ERROR;
				CLANG_WARN_DOCUMENTATION_COMMENTS = YES;
				CLANG_WARN_EMPTY_BODY = YES;
				CLANG_WARN_ENUM_CONVERSION = YES;
				CLANG_WARN_INFINITE_RECURSION = YES;
				CLANG_WARN_INT_CONVERSION = YES;
				CLANG_WARN_NON_LITERAL_NULL_CONVERSION = YES;
				CLANG_WARN_OBJC_IMPLICIT_RETAIN_SELF = YES;
				CLANG_WARN_OBJC_LITERAL_CONVERSION = YES;
				CLANG_WARN_OBJC_ROOT_CLASS = YES_ERROR;
				CLANG_WARN_QUOTED_INCLUDE_IN_FRAMEWORK_HEADER = YES;
				CLANG_WARN_RANGE_LOOP_ANALYSIS = YES;
				CLANG_WARN_STRICT_PROTOTYPES = YES;
				CLANG_WARN_SUSPICIOUS_MOVE = YES;
				CLANG_WARN_UNGUARDED_AVAILABILITY = YES_AGGRESSIVE;
				CLANG_WARN_UNREACHABLE_CODE = YES;
				CLANG_WARN__DUPLICATE_METHOD_MATCH = YES;
				COPY_PHASE_STRIP = NO;
				DEBUG_INFORMATION_FORMAT = "dwarf-with-dsym";
				DEVELOPMENT_TEAM = J8LLL2CA6T;
				ENABLE_NS_ASSERTIONS = NO;
				ENABLE_STRICT_OBJC_MSGSEND = YES;
				ENABLE_USER_SCRIPT_SANDBOXING = YES;
				GCC_C_LANGUAGE_STANDARD = gnu17;
				GCC_NO_COMMON_BLOCKS = YES;
				GCC_WARN_64_TO_32_BIT_CONVERSION = YES;
				GCC_WARN_ABOUT_RETURN_TYPE = YES_ERROR;
				GCC_WARN_UNDECLARED_SELECTOR = YES;
				GCC_WARN_UNINITIALIZED_AUTOS = YES_AGGRESSIVE;
				GCC_WARN_UNUSED_FUNCTION = YES;
				GCC_WARN_UNUSED_VARIABLE = YES;
				IPHONEOS_DEPLOYMENT_TARGET = 18.5;
				LOCALIZATION_PREFERS_STRING_CATALOGS = YES;
				MTL_ENABLE_DEBUG_INFO = NO;
				MTL_FAST_MATH = YES;
				SDKROOT = iphoneos;
				SWIFT_COMPILATION_MODE = wholemodule;
				VALIDATE_PRODUCT = YES;
			};
			name = Release;
		};
		647377152E988F0F00F03862 /* Debug */ = {
			isa = XCBuildConfiguration;
			buildSettings = {
				BUNDLE_LOADER = "$(TEST_HOST)";
				CODE_SIGN_STYLE = Automatic;
				CURRENT_PROJECT_VERSION = 1;
				DEVELOPMENT_TEAM = J8LLL2CA6T;
				GENERATE_INFOPLIST_FILE = YES;
				IPHONEOS_DEPLOYMENT_TARGET = 18.5;
				MARKETING_VERSION = 1.0;
				PRODUCT_BUNDLE_IDENTIFIER = "Susmita-De.HappyDaysTests";
				PRODUCT_NAME = "$(TARGET_NAME)";
				SWIFT_EMIT_LOC_STRINGS = NO;
				SWIFT_VERSION = 5.0;
				TARGETED_DEVICE_FAMILY = "1,2";
				TEST_HOST = "$(BUILT_PRODUCTS_DIR)/HappyDays.app/$(BUNDLE_EXECUTABLE_FOLDER_PATH)/HappyDays";
			};
			name = Debug;
		};
		647377162E988F0F00F03862 /* Release */ = {
			isa = XCBuildConfiguration;
			buildSettings = {
				BUNDLE_LOADER = "$(TEST_HOST)";
				CODE_SIGN_STYLE = Automatic;
				CURRENT_PROJECT_VERSION = 1;
				DEVELOPMENT_TEAM = J8LLL2CA6T;
				GENERATE_INFOPLIST_FILE = YES;
				IPHONEOS_DEPLOYMENT_TARGET = 18.5;
				MARKETING_VERSION = 1.0;
				PRODUCT_BUNDLE_IDENTIFIER = "Susmita-De.HappyDaysTests";
				PRODUCT_NAME = "$(TARGET_NAME)";
				SWIFT_EMIT_LOC_STRINGS = NO;
				SWIFT_VERSION = 5.0;
				TARGETED_DEVICE_FAMILY = "1,2";
				TEST_HOST = "$(BUILT_PRODUCTS_DIR)/HappyDays.app/$(BUNDLE_EXECUTABLE_FOLDER_PATH)/HappyDays";
			};
			name = Release;
		};
		647377182E988F0F00F03862 /* Debug */ = {
			isa = XCBuildConfiguration;
			buildSettings = {
				CODE_SIGN_STYLE = Automatic;
				CURRENT_PROJECT_VERSION = 1;
				DEVELOPMENT_TEAM = J8LLL2CA6T;
				GENERATE_INFOPLIST_FILE = YES;
				MARKETING_VERSION = 1.0;
				PRODUCT_BUNDLE_IDENTIFIER = "Susmita-De.HappyDaysUITests";
				PRODUCT_NAME = "$(TARGET_NAME)";
				SWIFT_EMIT_LOC_STRINGS = NO;
				SWIFT_VERSION = 5.0;
				TARGETED_DEVICE_FAMILY = "1,2";
				TEST_TARGET_NAME = HappyDays;
			};
			name = Debug;
		};
		647377192E988F0F00F03862 /* Release */ = {
			isa = XCBuildConfiguration;
			buildSettings = {
				CODE_SIGN_STYLE = Automatic;
				CURRENT_PROJECT_VERSION = 1;
				DEVELOPMENT_TEAM = J8LLL2CA6T;
				GENERATE_INFOPLIST_FILE = YES;
				MARKETING_VERSION = 1.0;
				PRODUCT_BUNDLE_IDENTIFIER = "Susmita-De.HappyDaysUITests";
				PRODUCT_NAME = "$(TARGET_NAME)";
				SWIFT_EMIT_LOC_STRINGS = NO;
				SWIFT_VERSION = 5.0;
				TARGETED_DEVICE_FAMILY = "1,2";
				TEST_TARGET_NAME = HappyDays;
			};
			name = Release;
		};
/* End XCBuildConfiguration section */

/* Begin XCConfigurationList section */
		647376E12E988F0D00F03862 /* Build configuration list for PBXProject "HappyDays" */ = {
			isa = XCConfigurationList;
			buildConfigurations = (
				647377122E988F0F00F03862 /* Debug */,
				647377132E988F0F00F03862 /* Release */,
			);
			defaultConfigurationIsVisible = 0;
			defaultConfigurationName = Release;
		};
		6473770F2E988F0F00F03862 /* Build configuration list for PBXNativeTarget "HappyDays" */ = {
			isa = XCConfigurationList;
			buildConfigurations = (
				647377102E988F0F00F03862 /* Debug */,
				647377112E988F0F00F03862 /* Release */,
			);
			defaultConfigurationIsVisible = 0;
			defaultConfigurationName = Release;
		};
		647377142E988F0F00F03862 /* Build configuration list for PBXNativeTarget "HappyDaysTests" */ = {
			isa = XCConfigurationList;
			buildConfigurations = (
				647377152E988F0F00F03862 /* Debug */,
				647377162E988F0F00F03862 /* Release */,
			);
			defaultConfigurationIsVisible = 0;
			defaultConfigurationName = Release;
		};
		647377172E988F0F00F03862 /* Build configuration list for PBXNativeTarget "HappyDaysUITests" */ = {
			isa = XCConfigurationList;
			buildConfigurations = (
				647377182E988F0F00F03862 /* Debug */,
				647377192E988F0F00F03862 /* Release */,
			);
			defaultConfigurationIsVisible = 0;
			defaultConfigurationName = Release;
		};
/* End XCConfigurationList section */
	};
	rootObject = 647376DE2E988F0D00F03862 /* Project object */;
}
